gAAAAABoKQ84ccwwqh2hfbb64fw16PN3lxy3MFKpjtn5Ujo3AqTjiKmDBEy3EbIyhePB0VzFvHS1wowtXeQlilgqaa1llak0ixRky0EpnR8xeobewg1yjYFa0Ys3YB9v75dTlgwp8iQQlFtgj1L5gs50myyD1fyo4PWvfY0XHDzGuSt4-Rlh3k7cTD8BtycbGBvqty-_RsVTS0a_Q2YQ-6CoYDEHfpxS2XDqCkmwdyZWlIjPmeUaxKjP9WM3AaBYdsZasoOQIJMYFeHy2RvlgKjJAwoQY2wAKZ_haL6xNFJGcYFxAPnf1j2HfXZgnzyTbT15PnbrM_p9EOxXphhNOYHkkrka6yI2YWlDKZd1CsxGNyreBVcxOSNB_JWvgkT2vxGqazZyf9-qObVXewSOA8rVXOB85uNRTogu2cF7-leSTktls4NgkfShrKiErQewWU9R_9dcOV0HKHyTcOXN1at18NXri4_YWZf9vMKmS_Jfzkcw7iuJ9qS8egtMOGuQ0TfiVBqGelREcHbqAuOTVqZPIwaXUz-8qutv6gNlyH24_civkPPUHdDHPPkts5u7HCC6OrX859dSYmBgP_kgMve-lgSm771-W3viykYCm0uOjiI-CH_paEvXEk7mlfFLFIE8S253HCb38HOdThdnj2c67oZut7hTw71wScm7Y8hbHLtetUifLJgkKKV4NirGW_fpUzSxJsMIlc75MPy45kLpYrGFsGQ_UpZZBuWgbcNrIMxDxMHLO47x7OdLKRyFUgOY1j5uPzmh3wrSsEdSIN1Q2qLlpAqz19bpBHERBwaR67bOwg0s64uWXncTYk1jIT4BvpO9GOGovkX0KnKerznAnutOrlMEpuCufAw0eqk699MZvH6lST_SuRIL1EcunqWWAVO_uOaPMxz4xshXDyrz-raLNS5mLKMg_xLnvnO46hz1zrcz3PNh0_Kj0znJlYQ8JETqKMdbUxmuWBOMQYtdZDDD_g1qA8nj7q5_x7BTrkjUtSLVRna0AuTd-wrLWbk9ZLdXO1LV8X63fiXcHhnOxjK9CQbn0F0EhKukx1Wj0m_i_dEl57g3iZMbDqDi1-jh7dq2IsD3qD7wBJDXf4ehOTNH_cVs8gG43DwQO-ouROurl26Zm-TDHdRAlLCVgQehLr7feWONyWGtbEK5jghbvrFIGgpqwidwBbJQq6iRT0ecD0CYDyBWWyqXIs5rqdFgemenYfpVQibZIXN9cTnvXXlq0uT3GPdNW2RHoO92r1Zpl-ZMg9qVoP3-Maawbkskc5QBeMu6ztzKL4QkhDaRR7jDotzfB0kbycb1YJ2yaL512Z-Sv5OIUL0HFgp6L0cj6H9CnN8-WDmdYtFCPllGT7cRpQtGtbFH-R4qFGY8Vi-X4Ix33WiY0d0pW7Y5YVLX50Tkw7rCqIImGAsfZE3ZGJPlhsxgTOY04YeS957oAcoLVqmUzG5pnzqD5xGhyUR-JzL5_69CIUD1cy106iq_BE_8GdHdXKRWwjo5DGNvZempF8rika5CTolQ3MQAXh3pB35uyNJxL3PKcYasMsM8ydvf2KExmGnGFCeUKWgPwho8etUxr53xzYh9XAWdDioDLKEWjzqAksUs2OO-xBdlpFH56cXjulwdu0yvpJJ4cb-CCRyck2nEmtk9SzjrXAbOKzjM-ktgNmKcreviuXFSC1IRCxlhzHvdMAO5ZsPDNEKdWAlh9LgpmPrTiqFAlqIaLhFH5ceHO5xUDBMGryajJGmzOBd9gVMxFDzVFH0qEmaGAvCHM4zO7dq2oGDjbD4sF1J6LF86-el1IGC3I6jC5ORZlyTutvIMavvQhBfbxRDhs02kcndxlNOxwjCvstjqUx7NfxZ0sgOXDkkYUPeGWSlQxZDP05o53jlSaa1ZneLpWJRCt9SsvKcJ15lRYQnatzWqHHnQnxKAaw7Vupstw2vXb0SIquLga1P3NzF4JEWAaD_6UcOu9Gd1w8HsF7r1cFSac164
